
Microsoft Visual Studio Solution File, Format Version 12.00
# Visual Studio 14
VisualStudioVersion = 14.0.23107.0
MinimumVisualStudioVersion = 10.0.40219.1
Project("{FAE04EC0-301F-11D3-BF4B-00C04F79EFBC}") = "BasicSample", "MVVMLightSample\BasicSample.csproj", "{6AADF008-2BC2-406B-B027-4FF03E01A74B}"
EndProject
Project("{FAE04EC0-301F-11D3-BF4B-00C04F79EFBC}") = "AdvancedSample", "AdvancedSample\AdvancedSample.csproj", "{1071E6D9-C593-4699-9547-73138EC9B2E3}"
EndProject
Project("{FAE04EC0-301F-11D3-BF4B-00C04F79EFBC}") = "Template10Sample", "Template10Sample\Template10Sample.csproj", "{6992F60F-9445-4648-B13D-F93038A0E0B6}"
EndProject
Project("{FAE04EC0-301F-11D3-BF4B-00C04F79EFBC}") = "NoMvvmSample", "NoMvvmSample\NoMvvmSample.csproj", "{D0821EAE-A229-4559-8B67-307C4180FD7B}"
EndProject
Global
	GlobalSection(SolutionConfigurationPlatforms) = preSolution
		Debug|ARM = Debug|ARM
		Debug|x64 = Debug|x64
		Debug|x86 = Debug|x86
		Release|ARM = Release|ARM
		Release|x64 = Release|x64
		Release|x86 = Release|x86
	EndGlobalSection
	GlobalSection(ProjectConfigurationPlatforms) = postSolution
		{6AADF008-2BC2-406B-B027-4FF03E01A74B}.Debug|ARM.ActiveCfg = Debug|ARM
		{6AADF008-2BC2-406B-B027-4FF03E01A74B}.Debug|ARM.Build.0 = Debug|ARM
		{6AADF008-2BC2-406B-B027-4FF03E01A74B}.Debug|ARM.Deploy.0 = Debug|ARM
		{6AADF008-2BC2-406B-B027-4FF03E01A74B}.Debug|x64.ActiveCfg = Debug|x64
		{6AADF008-2BC2-406B-B027-4FF03E01A74B}.Debug|x64.Build.0 = Debug|x64
		{6AADF008-2BC2-406B-B027-4FF03E01A74B}.Debug|x64.Deploy.0 = Debug|x64
		{6AADF008-2BC2-406B-B027-4FF03E01A74B}.Debug|x86.ActiveCfg = Debug|x86
		{6AADF008-2BC2-406B-B027-4FF03E01A74B}.Debug|x86.Build.0 = Debug|x86
		{6AADF008-2BC2-406B-B027-4FF03E01A74B}.Debug|x86.Deploy.0 = Debug|x86
		{6AADF008-2BC2-406B-B027-4FF03E01A74B}.Release|ARM.ActiveCfg = Release|ARM
		{6AADF008-2BC2-406B-B027-4FF03E01A74B}.Release|ARM.Build.0 = Release|ARM
		{6AADF008-2BC2-406B-B027-4FF03E01A74B}.Release|ARM.Deploy.0 = Release|ARM
		{6AADF008-2BC2-406B-B027-4FF03E01A74B}.Release|x64.ActiveCfg = Release|x64
		{6AADF008-2BC2-406B-B027-4FF03E01A74B}.Release|x64.Build.0 = Release|x64
		{6AADF008-2BC2-406B-B027-4FF03E01A74B}.Release|x64.Deploy.0 = Release|x64
		{6AADF008-2BC2-406B-B027-4FF03E01A74B}.Release|x86.ActiveCfg = Release|x86
		{6AADF008-2BC2-406B-B027-4FF03E01A74B}.Release|x86.Build.0 = Release|x86
		{6AADF008-2BC2-406B-B027-4FF03E01A74B}.Release|x86.Deploy.0 = Release|x86
		{1071E6D9-C593-4699-9547-73138EC9B2E3}.Debug|ARM.ActiveCfg = Debug|ARM
		{1071E6D9-C593-4699-9547-73138EC9B2E3}.Debug|ARM.Build.0 = Debug|ARM
		{1071E6D9-C593-4699-9547-73138EC9B2E3}.Debug|ARM.Deploy.0 = Debug|ARM
		{1071E6D9-C593-4699-9547-73138EC9B2E3}.Debug|x64.ActiveCfg = Debug|x64
		{1071E6D9-C593-4699-9547-73138EC9B2E3}.Debug|x64.Build.0 = Debug|x64
		{1071E6D9-C593-4699-9547-73138EC9B2E3}.Debug|x64.Deploy.0 = Debug|x64
		{1071E6D9-C593-4699-9547-73138EC9B2E3}.Debug|x86.ActiveCfg = Debug|x86
		{1071E6D9-C593-4699-9547-73138EC9B2E3}.Debug|x86.Build.0 = Debug|x86
		{1071E6D9-C593-4699-9547-73138EC9B2E3}.Debug|x86.Deploy.0 = Debug|x86
		{1071E6D9-C593-4699-9547-73138EC9B2E3}.Release|ARM.ActiveCfg = Release|ARM
		{1071E6D9-C593-4699-9547-73138EC9B2E3}.Release|ARM.Build.0 = Release|ARM
		{1071E6D9-C593-4699-9547-73138EC9B2E3}.Release|ARM.Deploy.0 = Release|ARM
		{1071E6D9-C593-4699-9547-73138EC9B2E3}.Release|x64.ActiveCfg = Release|x64
		{1071E6D9-C593-4699-9547-73138EC9B2E3}.Release|x64.Build.0 = Release|x64
		{1071E6D9-C593-4699-9547-73138EC9B2E3}.Release|x64.Deploy.0 = Release|x64
		{1071E6D9-C593-4699-9547-73138EC9B2E3}.Release|x86.ActiveCfg = Release|x86
		{1071E6D9-C593-4699-9547-73138EC9B2E3}.Release|x86.Build.0 = Release|x86
		{1071E6D9-C593-4699-9547-73138EC9B2E3}.Release|x86.Deploy.0 = Release|x86
		{6992F60F-9445-4648-B13D-F93038A0E0B6}.Debug|ARM.ActiveCfg = Debug|ARM
		{6992F60F-9445-4648-B13D-F93038A0E0B6}.Debug|ARM.Build.0 = Debug|ARM
		{6992F60F-9445-4648-B13D-F93038A0E0B6}.Debug|ARM.Deploy.0 = Debug|ARM
		{6992F60F-9445-4648-B13D-F93038A0E0B6}.Debug|x64.ActiveCfg = Debug|x64
		{6992F60F-9445-4648-B13D-F93038A0E0B6}.Debug|x64.Build.0 = Debug|x64
		{6992F60F-9445-4648-B13D-F93038A0E0B6}.Debug|x64.Deploy.0 = Debug|x64
		{6992F60F-9445-4648-B13D-F93038A0E0B6}.Debug|x86.ActiveCfg = Debug|x86
		{6992F60F-9445-4648-B13D-F93038A0E0B6}.Debug|x86.Build.0 = Debug|x86
		{6992F60F-9445-4648-B13D-F93038A0E0B6}.Debug|x86.Deploy.0 = Debug|x86
		{6992F60F-9445-4648-B13D-F93038A0E0B6}.Release|ARM.ActiveCfg = Release|ARM
		{6992F60F-9445-4648-B13D-F93038A0E0B6}.Release|ARM.Build.0 = Release|ARM
		{6992F60F-9445-4648-B13D-F93038A0E0B6}.Release|ARM.Deploy.0 = Release|ARM
		{6992F60F-9445-4648-B13D-F93038A0E0B6}.Release|x64.ActiveCfg = Release|x64
		{6992F60F-9445-4648-B13D-F93038A0E0B6}.Release|x64.Build.0 = Release|x64
		{6992F60F-9445-4648-B13D-F93038A0E0B6}.Release|x64.Deploy.0 = Release|x64
		{6992F60F-9445-4648-B13D-F93038A0E0B6}.Release|x86.ActiveCfg = Release|x86
		{6992F60F-9445-4648-B13D-F93038A0E0B6}.Release|x86.Build.0 = Release|x86
		{6992F60F-9445-4648-B13D-F93038A0E0B6}.Release|x86.Deploy.0 = Release|x86
		{D0821EAE-A229-4559-8B67-307C4180FD7B}.Debug|ARM.ActiveCfg = Debug|ARM
		{D0821EAE-A229-4559-8B67-307C4180FD7B}.Debug|ARM.Build.0 = Debug|ARM
		{D0821EAE-A229-4559-8B67-307C4180FD7B}.Debug|ARM.Deploy.0 = Debug|ARM
		{D0821EAE-A229-4559-8B67-307C4180FD7B}.Debug|x64.ActiveCfg = Debug|x64
		{D0821EAE-A229-4559-8B67-307C4180FD7B}.Debug|x64.Build.0 = Debug|x64
		{D0821EAE-A229-4559-8B67-307C4180FD7B}.Debug|x64.Deploy.0 = Debug|x64
		{D0821EAE-A229-4559-8B67-307C4180FD7B}.Debug|x86.ActiveCfg = Debug|x86
		{D0821EAE-A229-4559-8B67-307C4180FD7B}.Debug|x86.Build.0 = Debug|x86
		{D0821EAE-A229-4559-8B67-307C4180FD7B}.Debug|x86.Deploy.0 = Debug|x86
		{D0821EAE-A229-4559-8B67-307C4180FD7B}.Release|ARM.ActiveCfg = Release|ARM
		{D0821EAE-A229-4559-8B67-307C4180FD7B}.Release|ARM.Build.0 = Release|ARM
		{D0821EAE-A229-4559-8B67-307C4180FD7B}.Release|ARM.Deploy.0 = Release|ARM
		{D0821EAE-A229-4559-8B67-307C4180FD7B}.Release|x64.ActiveCfg = Release|x64
		{D0821EAE-A229-4559-8B67-307C4180FD7B}.Release|x64.Build.0 = Release|x64
		{D0821EAE-A229-4559-8B67-307C4180FD7B}.Release|x64.Deploy.0 = Release|x64
		{D0821EAE-A229-4559-8B67-307C4180FD7B}.Release|x86.ActiveCfg = Release|x86
		{D0821EAE-A229-4559-8B67-307C4180FD7B}.Release|x86.Build.0 = Release|x86
		{D0821EAE-A229-4559-8B67-307C4180FD7B}.Release|x86.Deploy.0 = Release|x86
	EndGlobalSection
	GlobalSection(SolutionProperties) = preSolution
		HideSolutionNode = FALSE
	EndGlobalSection
EndGlobal
